
Microsoft Visual Studio Solution File, Format Version 12.00
# Visual Studio Version 16
VisualStudioVersion = 16.0.36602.28
MinimumVisualStudioVersion = 10.0.40219.1
Project("{FAE04EC0-301F-11D3-BF4B-00C04F79EFBC}") = "SimCardRegistration", "SimCardRegistration\SimCardRegistration.csproj", "{FFE2C192-47B3-473E-854C-DAB9B6266301}"
EndProject
Global
	GlobalSection(SolutionConfigurationPlatforms) = preSolution
		Debug|Any CPU = Debug|Any CPU
		Release|Any CPU = Release|Any CPU
	EndGlobalSection
	GlobalSection(ProjectConfigurationPlatforms) = postSolution
		{FFE2C192-47B3-473E-854C-DAB9B6266301}.Debug|Any CPU.ActiveCfg = Debug|Any CPU
		{FFE2C192-47B3-473E-854C-DAB9B6266301}.Debug|Any CPU.Build.0 = Debug|Any CPU
		{FFE2C192-47B3-473E-854C-DAB9B6266301}.Release|Any CPU.ActiveCfg = Release|Any CPU
		{FFE2C192-47B3-473E-854C-DAB9B6266301}.Release|Any CPU.Build.0 = Release|Any CPU
	EndGlobalSection
	GlobalSection(SolutionProperties) = preSolution
		HideSolutionNode = FALSE
	EndGlobalSection
	GlobalSection(ExtensibilityGlobals) = postSolution
		SolutionGuid = {90B5B437-D2EA-4EA1-A63F-6ADDA2D70FE4}
	EndGlobalSection
EndGlobal
